<?xml version="1.0" encoding="UTF-8" standalone="yes" ?>
<CodeBlocks_project_file>
	<FileVersion major="1" minor="6" />
	<Project>
		<Option title="progabs" />
		<Option pch_mode="2" />
		<Option compiler="gcc" />
		<Build>
			<Target title="Debug">
				<Option output="bin/Debug/progabs" prefix_auto="1" extension_auto="1" />
				<Option object_output="obj/Debug/" />
				<Option type="1" />
				<Option compiler="gcc" />
				<Compiler>
					<Add option="-g" />
				</Compiler>
			</Target>
			<Target title="Release">
				<Option output="bin/Release/progabs" prefix_auto="1" extension_auto="1" />
				<Option object_output="obj/Release/" />
				<Option type="1" />
				<Option compiler="gcc" />
				<Compiler>
					<Add option="-O2" />
				</Compiler>
				<Linker>
					<Add option="-s" />
				</Linker>
			</Target>
		</Build>
		<Compiler>
			<Add option="-Wall" />
		</Compiler>
		<Unit filename="buffer.h" />
		<Unit filename="error.h" />
		<Unit filename="filereader.cpp" />
		<Unit filename="grid.h" />
		<Unit filename="myfile.txt" />
		<Unit filename="myhashmap.h" />
		<Unit filename="mymap.h" />
		<Unit filename="myqueue.h" />
		<Unit filename="mystack.h" />
		<Unit filename="myvector.h" />
		<Unit filename="queue.h" />
		<Unit filename="random.h" />
		<Unit filename="set.h" />
		<Unit filename="strlib.h" />
		<Unit filename="temp.txt" />
		<Extensions>
			<code_completion />
			<debugger />
		</Extensions>
	</Project>
</CodeBlocks_project_file>
